// !$*UTF8*$!
{
	archiveVersion = 1;
	classes = {
	};
	objectVersion = 56;
	objects = {

/* Begin PBXBuildFile section */
		8DD177E629BDF36300E284DC /* main.cpp in Sources */ = {isa = PBXBuildFile; fileRef = 8DD177E529BDF36300E284DC /* main.cpp */; };
		8DD177F129BE030A00E284DC /* Unions.cpp in Sources */ = {isa = PBXBuildFile; fileRef = 8DD177EF29BE030A00E284DC /* Unions.cpp */; };
		8DD177F429BE09B700E284DC /* Enums.cpp in Sources */ = {isa = PBXBuildFile; fileRef = 8DD177F229BE09B700E284DC /* Enums.cpp */; };
		8DD177F729BE0FE900E284DC /* namespaces.cpp in Sources */ = {isa = PBXBuildFile; fileRef = 8DD177F529BE0FE900E284DC /* namespaces.cpp */; };
/* End PBXBuildFile section */

/* Begin PBXCopyFilesBuildPhase section */
		8DD177E029BDF36300E284DC /* CopyFiles */ = {
			isa = PBXCopyFilesBuildPhase;
			buildActionMask = 2147483647;
			dstPath = /usr/share/man/man1/;
			dstSubfolderSpec = 0;
			files = (
			);
			runOnlyForDeploymentPostprocessing = 1;
		};
/* End PBXCopyFilesBuildPhase section */

/* Begin PBXFileReference section */
		8DD177E229BDF36300E284DC /* week_01_OOP */ = {isa = PBXFileReference; explicitFileType = "compiled.mach-o.executable"; includeInIndex = 0; path = week_01_OOP; sourceTree = BUILT_PRODUCTS_DIR; };
		8DD177E529BDF36300E284DC /* main.cpp */ = {isa = PBXFileReference; lastKnownFileType = sourcecode.cpp.cpp; path = main.cpp; sourceTree = "<group>"; };
		8DD177EF29BE030A00E284DC /* Unions.cpp */ = {isa = PBXFileReference; lastKnownFileType = sourcecode.cpp.cpp; path = Unions.cpp; sourceTree = "<group>"; };
		8DD177F029BE030A00E284DC /* Unions.hpp */ = {isa = PBXFileReference; lastKnownFileType = sourcecode.cpp.h; path = Unions.hpp; sourceTree = "<group>"; };
		8DD177F229BE09B700E284DC /* Enums.cpp */ = {isa = PBXFileReference; lastKnownFileType = sourcecode.cpp.cpp; path = Enums.cpp; sourceTree = "<group>"; };
		8DD177F329BE09B700E284DC /* Enums.hpp */ = {isa = PBXFileReference; lastKnownFileType = sourcecode.cpp.h; path = Enums.hpp; sourceTree = "<group>"; };
		8DD177F529BE0FE900E284DC /* namespaces.cpp */ = {isa = PBXFileReference; lastKnownFileType = sourcecode.cpp.cpp; path = namespaces.cpp; sourceTree = "<group>"; };
		8DD177F629BE0FE900E284DC /* namespaces.hpp */ = {isa = PBXFileReference; lastKnownFileType = sourcecode.cpp.h; path = namespaces.hpp; sourceTree = "<group>"; };
/* End PBXFileReference section */

/* Begin PBXFrameworksBuildPhase section */
		8DD177DF29BDF36300E284DC /* Frameworks */ = {
			isa = PBXFrameworksBuildPhase;
			buildActionMask = 2147483647;
			files = (
			);
			runOnlyForDeploymentPostprocessing = 0;
		};
/* End PBXFrameworksBuildPhase section */

/* Begin PBXGroup section */
		8DD177D929BDF36300E284DC = {
			isa = PBXGroup;
			children = (
				8DD177E429BDF36300E284DC /* week_01_OOP */,
				8DD177E329BDF36300E284DC /* Products */,
			);
			sourceTree = "<group>";
		};
		8DD177E329BDF36300E284DC /* Products */ = {
			isa = PBXGroup;
			children = (
				8DD177E229BDF36300E284DC /* week_01_OOP */,
			);
			name = Products;
			sourceTree = "<group>";
		};
		8DD177E429BDF36300E284DC /* week_01_OOP */ = {
			isa = PBXGroup;
			children = (
				8DD177E529BDF36300E284DC /* main.cpp */,
				8DD177EF29BE030A00E284DC /* Unions.cpp */,
				8DD177F229BE09B700E284DC /* Enums.cpp */,
				8DD177F529BE0FE900E284DC /* namespaces.cpp */,
				8DD177F629BE0FE900E284DC /* namespaces.hpp */,
				8DD177F329BE09B700E284DC /* Enums.hpp */,
				8DD177F029BE030A00E284DC /* Unions.hpp */,
			);
			path = week_01_OOP;
			sourceTree = "<group>";
		};
/* End PBXGroup section */

/* Begin PBXNativeTarget section */
		8DD177E129BDF36300E284DC /* week_01_OOP */ = {
			isa = PBXNativeTarget;
			buildConfigurationList = 8DD177E929BDF36300E284DC /* Build configuration list for PBXNativeTarget "week_01_OOP" */;
			buildPhases = (
				8DD177DE29BDF36300E284DC /* Sources */,
				8DD177DF29BDF36300E284DC /* Frameworks */,
				8DD177E029BDF36300E284DC /* CopyFiles */,
			);
			buildRules = (
			);
			dependencies = (
			);
			name = week_01_OOP;
			productName = week_01_OOP;
			productReference = 8DD177E229BDF36300E284DC /* week_01_OOP */;
			productType = "com.apple.product-type.tool";
		};
/* End PBXNativeTarget section */

/* Begin PBXProject section */
		8DD177DA29BDF36300E284DC /* Project object */ = {
			isa = PBXProject;
			attributes = {
				BuildIndependentTargetsInParallel = 1;
				LastUpgradeCheck = 1400;
				TargetAttributes = {
					8DD177E129BDF36300E284DC = {
						CreatedOnToolsVersion = 14.0.1;
					};
				};
			};
			buildConfigurationList = 8DD177DD29BDF36300E284DC /* Build configuration list for PBXProject "week_01_OOP" */;
			compatibilityVersion = "Xcode 14.0";
			developmentRegion = en;
			hasScannedForEncodings = 0;
			knownRegions = (
				en,
				Base,
			);
			mainGroup = 8DD177D929BDF36300E284DC;
			productRefGroup = 8DD177E329BDF36300E284DC /* Products */;
			projectDirPath = "";
			projectRoot = "";
			targets = (
				8DD177E129BDF36300E284DC /* week_01_OOP */,
			);
		};
/* End PBXProject section */

/* Begin PBXSourcesBuildPhase section */
		8DD177DE29BDF36300E284DC /* Sources */ = {
			isa = PBXSourcesBuildPhase;
			buildActionMask = 2147483647;
			files = (
				8DD177F429BE09B700E284DC /* Enums.cpp in Sources */,
				8DD177E629BDF36300E284DC /* main.cpp in Sources */,
				8DD177F129BE030A00E284DC /* Unions.cpp in Sources */,
				8DD177F729BE0FE900E284DC /* namespaces.cpp in Sources */,
			);
			runOnlyForDeploymentPostprocessing = 0;
		};
/* End PBXSourcesBuildPhase section */

/* Begin XCBuildConfiguration section */
		8DD177E729BDF36300E284DC /* Debug */ = {
			isa = XCBuildConfiguration;
			buildSettings = {
				ALWAYS_SEARCH_USER_PATHS = NO;
				CLANG_ANALYZER_NONNULL = YES;
				CLANG_ANALYZER_NUMBER_OBJECT_CONVERSION = YES_AGGRESSIVE;
				CLANG_CXX_LANGUAGE_STANDARD = "gnu++20";
				CLANG_ENABLE_MODULES = YES;
				CLANG_ENABLE_OBJC_ARC = YES;
				CLANG_ENABLE_OBJC_WEAK = YES;
				CLANG_WARN_BLOCK_CAPTURE_AUTORELEASING = YES;
				CLANG_WARN_BOOL_CONVERSION = YES;
				CLANG_WARN_COMMA = YES;
				CLANG_WARN_CONSTANT_CONVERSION = YES;
				CLANG_WARN_DEPRECATED_OBJC_IMPLEMENTATIONS = YES;
				CLANG_WARN_DIRECT_OBJC_ISA_USAGE = YES_ERROR;
				CLANG_WARN_DOCUMENTATION_COMMENTS = YES;
				CLANG_WARN_EMPTY_BODY = YES;
				CLANG_WARN_ENUM_CONVERSION = YES;
				CLANG_WARN_INFINITE_RECURSION = YES;
				CLANG_WARN_INT_CONVERSION = YES;
				CLANG_WARN_NON_LITERAL_NULL_CONVERSION = YES;
				CLANG_WARN_OBJC_IMPLICIT_RETAIN_SELF = YES;
				CLANG_WARN_OBJC_LITERAL_CONVERSION = YES;
				CLANG_WARN_OBJC_ROOT_CLASS = YES_ERROR;
				CLANG_WARN_QUOTED_INCLUDE_IN_FRAMEWORK_HEADER = YES;
				CLANG_WARN_RANGE_LOOP_ANALYSIS = YES;
				CLANG_WARN_STRICT_PROTOTYPES = YES;
				CLANG_WARN_SUSPICIOUS_MOVE = YES;
				CLANG_WARN_UNGUARDED_AVAILABILITY = YES_AGGRESSIVE;
				CLANG_WARN_UNREACHABLE_CODE = YES;
				CLANG_WARN__DUPLICATE_METHOD_MATCH = YES;
				COPY_PHASE_STRIP = NO;
				DEBUG_INFORMATION_FORMAT = dwarf;
				ENABLE_STRICT_OBJC_MSGSEND = YES;
				ENABLE_TESTABILITY = YES;
				GCC_C_LANGUAGE_STANDARD = gnu11;
				GCC_DYNAMIC_NO_PIC = NO;
				GCC_NO_COMMON_BLOCKS = YES;
				GCC_OPTIMIZATION_LEVEL = 0;
				GCC_PREPROCESSOR_DEFINITIONS = (
					"DEBUG=1",
					"$(inherited)",
				);
				GCC_WARN_64_TO_32_BIT_CONVERSION = YES;
				GCC_WARN_ABOUT_RETURN_TYPE = YES_ERROR;
				GCC_WARN_UNDECLARED_SELECTOR = YES;
				GCC_WARN_UNINITIALIZED_AUTOS = YES_AGGRESSIVE;
				GCC_WARN_UNUSED_FUNCTION = YES;
				GCC_WARN_UNUSED_VARIABLE = YES;
				MACOSX_DEPLOYMENT_TARGET = 12.3;
				MTL_ENABLE_DEBUG_INFO = INCLUDE_SOURCE;
				MTL_FAST_MATH = YES;
				ONLY_ACTIVE_ARCH = YES;
				SDKROOT = macosx;
			};
			name = Debug;
		};
		8DD177E829BDF36300E284DC /* Release */ = {
			isa = XCBuildConfiguration;
			buildSettings = {
				ALWAYS_SEARCH_USER_PATHS = NO;
				CLANG_ANALYZER_NONNULL = YES;
				CLANG_ANALYZER_NUMBER_OBJECT_CONVERSION = YES_AGGRESSIVE;
				CLANG_CXX_LANGUAGE_STANDARD = "gnu++20";
				CLANG_ENABLE_MODULES = YES;
				CLANG_ENABLE_OBJC_ARC = YES;
				CLANG_ENABLE_OBJC_WEAK = YES;
				CLANG_WARN_BLOCK_CAPTURE_AUTORELEASING = YES;
				CLANG_WARN_BOOL_CONVERSION = YES;
				CLANG_WARN_COMMA = YES;
				CLANG_WARN_CONSTANT_CONVERSION = YES;
				CLANG_WARN_DEPRECATED_OBJC_IMPLEMENTATIONS = YES;
				CLANG_WARN_DIRECT_OBJC_ISA_USAGE = YES_ERROR;
				CLANG_WARN_DOCUMENTATION_COMMENTS = YES;
				CLANG_WARN_EMPTY_BODY = YES;
				CLANG_WARN_ENUM_CONVERSION = YES;
				CLANG_WARN_INFINITE_RECURSION = YES;
				CLANG_WARN_INT_CONVERSION = YES;
				CLANG_WARN_NON_LITERAL_NULL_CONVERSION = YES;
				CLANG_WARN_OBJC_IMPLICIT_RETAIN_SELF = YES;
				CLANG_WARN_OBJC_LITERAL_CONVERSION = YES;
				CLANG_WARN_OBJC_ROOT_CLASS = YES_ERROR;
				CLANG_WARN_QUOTED_INCLUDE_IN_FRAMEWORK_HEADER = YES;
				CLANG_WARN_RANGE_LOOP_ANALYSIS = YES;
				CLANG_WARN_STRICT_PROTOTYPES = YES;
				CLANG_WARN_SUSPICIOUS_MOVE = YES;
				CLANG_WARN_UNGUARDED_AVAILABILITY = YES_AGGRESSIVE;
				CLANG_WARN_UNREACHABLE_CODE = YES;
				CLANG_WARN__DUPLICATE_METHOD_MATCH = YES;
				COPY_PHASE_STRIP = NO;
				DEBUG_INFORMATION_FORMAT = "dwarf-with-dsym";
				ENABLE_NS_ASSERTIONS = NO;
				ENABLE_STRICT_OBJC_MSGSEND = YES;
				GCC_C_LANGUAGE_STANDARD = gnu11;
				GCC_NO_COMMON_BLOCKS = YES;
				GCC_WARN_64_TO_32_BIT_CONVERSION = YES;
				GCC_WARN_ABOUT_RETURN_TYPE = YES_ERROR;
				GCC_WARN_UNDECLARED_SELECTOR = YES;
				GCC_WARN_UNINITIALIZED_AUTOS = YES_AGGRESSIVE;
				GCC_WARN_UNUSED_FUNCTION = YES;
				GCC_WARN_UNUSED_VARIABLE = YES;
				MACOSX_DEPLOYMENT_TARGET = 12.3;
				MTL_ENABLE_DEBUG_INFO = NO;
				MTL_FAST_MATH = YES;
				SDKROOT = macosx;
			};
			name = Release;
		};
		8DD177EA29BDF36300E284DC /* Debug */ = {
			isa = XCBuildConfiguration;
			buildSettings = {
				CODE_SIGN_STYLE = Automatic;
				PRODUCT_NAME = "$(TARGET_NAME)";
			};
			name = Debug;
		};
		8DD177EB29BDF36300E284DC /* Release */ = {
			isa = XCBuildConfiguration;
			buildSettings = {
				CODE_SIGN_STYLE = Automatic;
				PRODUCT_NAME = "$(TARGET_NAME)";
			};
			name = Release;
		};
/* End XCBuildConfiguration section */

/* Begin XCConfigurationList section */
		8DD177DD29BDF36300E284DC /* Build configuration list for PBXProject "week_01_OOP" */ = {
			isa = XCConfigurationList;
			buildConfigurations = (
				8DD177E729BDF36300E284DC /* Debug */,
				8DD177E829BDF36300E284DC /* Release */,
			);
			defaultConfigurationIsVisible = 0;
			defaultConfigurationName = Release;
		};
		8DD177E929BDF36300E284DC /* Build configuration list for PBXNativeTarget "week_01_OOP" */ = {
			isa = XCConfigurationList;
			buildConfigurations = (
				8DD177EA29BDF36300E284DC /* Debug */,
				8DD177EB29BDF36300E284DC /* Release */,
			);
			defaultConfigurationIsVisible = 0;
			defaultConfigurationName = Release;
		};
/* End XCConfigurationList section */
	};
	rootObject = 8DD177DA29BDF36300E284DC /* Project object */;
}
